
Microsoft Visual Studio Solution File, Format Version 12.00
# Visual Studio Version 16
VisualStudioVersion = 16.0.32413.511
MinimumVisualStudioVersion = 10.0.40219.1
Project("{FAE04EC0-301F-11D3-BF4B-00C04F79EFBC}") = "Dev-U35-Logic", "Dev-U35-Logic.csproj", "{07123540-1C99-41DD-8BEF-1BE79C3F88F7}"
EndProject
Global
	GlobalSection(SolutionConfigurationPlatforms) = preSolution
		Debug|Any CPU = Debug|Any CPU
		Release|Any CPU = Release|Any CPU
	EndGlobalSection
	GlobalSection(ProjectConfigurationPlatforms) = postSolution
		{07123540-1C99-41DD-8BEF-1BE79C3F88F7}.Debug|Any CPU.ActiveCfg = Debug|Any CPU
		{07123540-1C99-41DD-8BEF-1BE79C3F88F7}.Debug|Any CPU.Build.0 = Debug|Any CPU
		{07123540-1C99-41DD-8BEF-1BE79C3F88F7}.Release|Any CPU.ActiveCfg = Release|Any CPU
		{07123540-1C99-41DD-8BEF-1BE79C3F88F7}.Release|Any CPU.Build.0 = Release|Any CPU
	EndGlobalSection
	GlobalSection(SolutionProperties) = preSolution
		HideSolutionNode = FALSE
	EndGlobalSection
	GlobalSection(ExtensibilityGlobals) = postSolution
		SolutionGuid = {424B9F69-61DF-481D-BC9A-57A943DB072D}
	EndGlobalSection
EndGlobal
